
Microsoft Visual Studio Solution File, Format Version 12.00
# Visual Studio Version 16
VisualStudioVersion = 16.0.30114.105
MinimumVisualStudioVersion = 10.0.40219.1
Project("{F2A71F9B-5D33-465A-A702-920D77279786}") = "App.Android", "net6.0-android-fsharp\content\App.Android.fsproj", "{7A993C42-17A4-49BA-92F4-AADE9E2E9B3F}"
EndProject
Project("{F2A71F9B-5D33-465A-A702-920D77279786}") = "App.iOS", "net6.0-ios-fsharp\content\App.iOS.fsproj", "{72224017-9A8E-4128-9B30-BD7197151EAA}"
EndProject
Global
	GlobalSection(SolutionConfigurationPlatforms) = preSolution
		Debug|Any CPU = Debug|Any CPU
		Release|Any CPU = Release|Any CPU
	EndGlobalSection
	GlobalSection(SolutionProperties) = preSolution
		HideSolutionNode = FALSE
	EndGlobalSection
	GlobalSection(ProjectConfigurationPlatforms) = postSolution
		{7A993C42-17A4-49BA-92F4-AADE9E2E9B3F}.Debug|Any CPU.ActiveCfg = Debug|Any CPU
		{7A993C42-17A4-49BA-92F4-AADE9E2E9B3F}.Debug|Any CPU.Build.0 = Debug|Any CPU
		{7A993C42-17A4-49BA-92F4-AADE9E2E9B3F}.Debug|Any CPU.Deploy.0 = Debug|Any CPU
		{7A993C42-17A4-49BA-92F4-AADE9E2E9B3F}.Release|Any CPU.ActiveCfg = Release|Any CPU
		{7A993C42-17A4-49BA-92F4-AADE9E2E9B3F}.Release|Any CPU.Build.0 = Release|Any CPU
		{72224017-9A8E-4128-9B30-BD7197151EAA}.Debug|Any CPU.ActiveCfg = Debug|Any CPU
		{72224017-9A8E-4128-9B30-BD7197151EAA}.Debug|Any CPU.Build.0 = Debug|Any CPU
		{72224017-9A8E-4128-9B30-BD7197151EAA}.Debug|Any CPU.Deploy.0 = Debug|Any CPU
		{72224017-9A8E-4128-9B30-BD7197151EAA}.Release|Any CPU.ActiveCfg = Release|Any CPU
		{72224017-9A8E-4128-9B30-BD7197151EAA}.Release|Any CPU.Build.0 = Release|Any CPU
		{72224017-9A8E-4128-9B30-BD7197151EAA}.Debug|Any CPU.Deploy.0 = Debug|Any CPU
	EndGlobalSection
EndGlobal
