Microsoft Visual Studio Solution File, Format Version 12.00
# Visual Studio Version 17
VisualStudioVersion = 17.1.32120.378
MinimumVisualStudioVersion = 10.0.40219.1
Project("{F2A71F9B-5D33-465A-A702-920D77279786}") = "App.Android", "net6.0-android-fsharp\content\App.Android.fsproj", "{7A993C42-17A4-49BA-92F4-AADE9E2E9B3F}"
EndProject
Project("{F2A71F9B-5D33-465A-A702-920D77279786}") = "App.iOS", "net6.0-ios-fsharp\content\App.iOS.fsproj", "{72224017-9A8E-4128-9B30-BD7197151EAA}"
EndProject
Project("{2150E333-8FDC-42A3-9474-1A3956D46DE8}") = "Native", "Native", "{8161D5FF-073F-4E0C-B4EC-140ADC086F70}"
EndProject
Project("{2150E333-8FDC-42A3-9474-1A3956D46DE8}") = "Xamarin.Forms", "Xamarin.Forms", "{C6A6A1C1-2B50-4EEF-B2AC-B934E5DCFC4D}"
EndProject
Project("{F2A71F9B-5D33-465A-A702-920D77279786}") = "App.Android", "net6.0-xamarinforms-fsharp\content\Android\XFApp.Android.fsproj", "{6F458DDF-616F-4EA9-AE64-BF78C42DE79F}"
EndProject
Project("{F2A71F9B-5D33-465A-A702-920D77279786}") = "App.iOS", "net6.0-xamarinforms-fsharp\content\iOS\XFApp.iOS.fsproj", "{A84DB3AB-9BCD-4D54-8889-6059F0B683FD}"
EndProject
Project("{F2A71F9B-5D33-465A-A702-920D77279786}") = "XFApp", "net6.0-xamarinforms-fsharp\content\XFApp\XFApp.fsproj", "{5063C8DC-4663-4DE4-9312-E61034D3E686}"
EndProject
Global
	GlobalSection(SolutionConfigurationPlatforms) = preSolution
		Debug|Any CPU = Debug|Any CPU
		Release|Any CPU = Release|Any CPU
	EndGlobalSection
	GlobalSection(ProjectConfigurationPlatforms) = postSolution
		{7A993C42-17A4-49BA-92F4-AADE9E2E9B3F}.Debug|Any CPU.ActiveCfg = Debug|Any CPU
		{7A993C42-17A4-49BA-92F4-AADE9E2E9B3F}.Debug|Any CPU.Build.0 = Debug|Any CPU
		{7A993C42-17A4-49BA-92F4-AADE9E2E9B3F}.Debug|Any CPU.Deploy.0 = Debug|Any CPU
		{7A993C42-17A4-49BA-92F4-AADE9E2E9B3F}.Release|Any CPU.ActiveCfg = Release|Any CPU
		{7A993C42-17A4-49BA-92F4-AADE9E2E9B3F}.Release|Any CPU.Build.0 = Release|Any CPU
		{72224017-9A8E-4128-9B30-BD7197151EAA}.Debug|Any CPU.ActiveCfg = Debug|Any CPU
		{72224017-9A8E-4128-9B30-BD7197151EAA}.Debug|Any CPU.Build.0 = Debug|Any CPU
		{72224017-9A8E-4128-9B30-BD7197151EAA}.Debug|Any CPU.Deploy.0 = Debug|Any CPU
		{72224017-9A8E-4128-9B30-BD7197151EAA}.Release|Any CPU.ActiveCfg = Release|Any CPU
		{72224017-9A8E-4128-9B30-BD7197151EAA}.Release|Any CPU.Build.0 = Release|Any CPU
		{6F458DDF-616F-4EA9-AE64-BF78C42DE79F}.Debug|Any CPU.ActiveCfg = Debug|Any CPU
		{6F458DDF-616F-4EA9-AE64-BF78C42DE79F}.Debug|Any CPU.Build.0 = Debug|Any CPU
		{6F458DDF-616F-4EA9-AE64-BF78C42DE79F}.Debug|Any CPU.Deploy.0 = Debug|Any CPU
		{6F458DDF-616F-4EA9-AE64-BF78C42DE79F}.Release|Any CPU.ActiveCfg = Release|Any CPU
		{6F458DDF-616F-4EA9-AE64-BF78C42DE79F}.Release|Any CPU.Build.0 = Release|Any CPU
		{6F458DDF-616F-4EA9-AE64-BF78C42DE79F}.Release|Any CPU.Deploy.0 = Release|Any CPU
		{A84DB3AB-9BCD-4D54-8889-6059F0B683FD}.Debug|Any CPU.ActiveCfg = Debug|Any CPU
		{A84DB3AB-9BCD-4D54-8889-6059F0B683FD}.Debug|Any CPU.Build.0 = Debug|Any CPU
		{A84DB3AB-9BCD-4D54-8889-6059F0B683FD}.Debug|Any CPU.Deploy.0 = Debug|Any CPU
		{A84DB3AB-9BCD-4D54-8889-6059F0B683FD}.Release|Any CPU.ActiveCfg = Release|Any CPU
		{A84DB3AB-9BCD-4D54-8889-6059F0B683FD}.Release|Any CPU.Build.0 = Release|Any CPU
		{A84DB3AB-9BCD-4D54-8889-6059F0B683FD}.Release|Any CPU.Deploy.0 = Release|Any CPU
		{5063C8DC-4663-4DE4-9312-E61034D3E686}.Debug|Any CPU.ActiveCfg = Debug|Any CPU
		{5063C8DC-4663-4DE4-9312-E61034D3E686}.Debug|Any CPU.Build.0 = Debug|Any CPU
		{5063C8DC-4663-4DE4-9312-E61034D3E686}.Release|Any CPU.ActiveCfg = Release|Any CPU
		{5063C8DC-4663-4DE4-9312-E61034D3E686}.Release|Any CPU.Build.0 = Release|Any CPU
	EndGlobalSection
	GlobalSection(SolutionProperties) = preSolution
		HideSolutionNode = FALSE
	EndGlobalSection
	GlobalSection(NestedProjects) = preSolution
		{7A993C42-17A4-49BA-92F4-AADE9E2E9B3F} = {8161D5FF-073F-4E0C-B4EC-140ADC086F70}
		{72224017-9A8E-4128-9B30-BD7197151EAA} = {8161D5FF-073F-4E0C-B4EC-140ADC086F70}
		{6F458DDF-616F-4EA9-AE64-BF78C42DE79F} = {C6A6A1C1-2B50-4EEF-B2AC-B934E5DCFC4D}
		{A84DB3AB-9BCD-4D54-8889-6059F0B683FD} = {C6A6A1C1-2B50-4EEF-B2AC-B934E5DCFC4D}
		{5063C8DC-4663-4DE4-9312-E61034D3E686} = {C6A6A1C1-2B50-4EEF-B2AC-B934E5DCFC4D}
	EndGlobalSection
	GlobalSection(ExtensibilityGlobals) = postSolution
		SolutionGuid = {C4318BE7-8EEF-4B7F-AED9-C3BB3B0AB813}
	EndGlobalSection
EndGlobal
